
Microsoft Visual Studio Solution File, Format Version 12.00
# Visual Studio Version 17
VisualStudioVersion = 17.13.35806.99
MinimumVisualStudioVersion = 10.0.40219.1
Project("{FAE04EC0-301F-11D3-BF4B-00C04F79EFBC}") = "lab3", "lab3.csproj", "{1DAC1096-0B1C-400C-A45B-66C70BD1D776}"
EndProject
Global
	GlobalSection(SolutionConfigurationPlatforms) = preSolution
		Debug|Any CPU = Debug|Any CPU
		Release|Any CPU = Release|Any CPU
	EndGlobalSection
	GlobalSection(ProjectConfigurationPlatforms) = postSolution
		{1DAC1096-0B1C-400C-A45B-66C70BD1D776}.Debug|Any CPU.ActiveCfg = Debug|Any CPU
		{1DAC1096-0B1C-400C-A45B-66C70BD1D776}.Debug|Any CPU.Build.0 = Debug|Any CPU
		{1DAC1096-0B1C-400C-A45B-66C70BD1D776}.Release|Any CPU.ActiveCfg = Release|Any CPU
		{1DAC1096-0B1C-400C-A45B-66C70BD1D776}.Release|Any CPU.Build.0 = Release|Any CPU
	EndGlobalSection
	GlobalSection(SolutionProperties) = preSolution
		HideSolutionNode = FALSE
	EndGlobalSection
	GlobalSection(ExtensibilityGlobals) = postSolution
		SolutionGuid = {88675798-EC2B-4620-BE54-72C1B7F3254B}
	EndGlobalSection
EndGlobal
